// !$*UTF8*$!
{
	archiveVersion = 1;
	classes = {
	};
	objectVersion = 56;
	objects = {

/* Begin PBXBuildFile section */
		1E415E52D417FA4052DE3F63 /* Pods_WindAssignmentTests.framework in Frameworks */ = {isa = PBXBuildFile; fileRef = E94234D764AE7BEAF6F35657 /* Pods_WindAssignmentTests.framework */; };
		6D816988A65E300D2897E065 /* Pods_WindAssignment.framework in Frameworks */ = {isa = PBXBuildFile; fileRef = 7F402E4C5AD2857C5E84E34C /* Pods_WindAssignment.framework */; };
		9F788A44C38DA153755F8693 /* Pods_WindAssignment_WindAssignmentUITests.framework in Frameworks */ = {isa = PBXBuildFile; fileRef = 5E4C8814058FA44410E9365C /* Pods_WindAssignment_WindAssignmentUITests.framework */; };
		CB9A59F429AFC7E4007D6495 /* CircularStd-Bold.otf in Resources */ = {isa = PBXBuildFile; fileRef = CB9A59F129AFC7E3007D6495 /* CircularStd-Bold.otf */; };
		CB9A59F529AFC7E4007D6495 /* CircularStd-Light.otf in Resources */ = {isa = PBXBuildFile; fileRef = CB9A59F229AFC7E3007D6495 /* CircularStd-Light.otf */; };
		CB9A59F629AFC7E4007D6495 /* CircularStd-Medium.otf in Resources */ = {isa = PBXBuildFile; fileRef = CB9A59F329AFC7E4007D6495 /* CircularStd-Medium.otf */; };
		CB9A59F829AFC89D007D6495 /* CircularStd-Book.otf in Resources */ = {isa = PBXBuildFile; fileRef = CB9A59F729AFC89D007D6495 /* CircularStd-Book.otf */; };
		CB9A5A0129AFCFBD007D6495 /* NavigationBar.swift in Sources */ = {isa = PBXBuildFile; fileRef = CB9A59FC29AFCFBC007D6495 /* NavigationBar.swift */; };
		CB9A5A0229AFCFBD007D6495 /* NavigationBar.xib in Resources */ = {isa = PBXBuildFile; fileRef = CB9A59FD29AFCFBC007D6495 /* NavigationBar.xib */; };
		CB9A5A0329AFCFBD007D6495 /* NavigationBarWithButton.swift in Sources */ = {isa = PBXBuildFile; fileRef = CB9A59FF29AFCFBC007D6495 /* NavigationBarWithButton.swift */; };
		CB9A5A0429AFCFBD007D6495 /* NavigationBarWithButton.xib in Resources */ = {isa = PBXBuildFile; fileRef = CB9A5A0029AFCFBC007D6495 /* NavigationBarWithButton.xib */; };
		CB9A5A0829AFD7F8007D6495 /* BaseViewController.swift in Sources */ = {isa = PBXBuildFile; fileRef = CB9A5A0729AFD7F8007D6495 /* BaseViewController.swift */; };
		CB9A5A1229AFD895007D6495 /* Reachability.swift in Sources */ = {isa = PBXBuildFile; fileRef = CB9A5A0929AFD894007D6495 /* Reachability.swift */; };
		CB9A5A1329AFD895007D6495 /* UDService.swift in Sources */ = {isa = PBXBuildFile; fileRef = CB9A5A0A29AFD894007D6495 /* UDService.swift */; };
		CB9A5A1429AFD895007D6495 /* Colors.swift in Sources */ = {isa = PBXBuildFile; fileRef = CB9A5A0B29AFD894007D6495 /* Colors.swift */; };
		CB9A5A1529AFD895007D6495 /* Images.swift in Sources */ = {isa = PBXBuildFile; fileRef = CB9A5A0C29AFD894007D6495 /* Images.swift */; };
		CB9A5A1629AFD895007D6495 /* Logger.swift in Sources */ = {isa = PBXBuildFile; fileRef = CB9A5A0D29AFD895007D6495 /* Logger.swift */; };
		CB9A5A1729AFD895007D6495 /* Fonts.swift in Sources */ = {isa = PBXBuildFile; fileRef = CB9A5A0E29AFD895007D6495 /* Fonts.swift */; };
		CB9A5A1829AFD895007D6495 /* Constants.swift in Sources */ = {isa = PBXBuildFile; fileRef = CB9A5A0F29AFD895007D6495 /* Constants.swift */; };
		CB9A5A1929AFD895007D6495 /* Loader.swift in Sources */ = {isa = PBXBuildFile; fileRef = CB9A5A1029AFD895007D6495 /* Loader.swift */; };
		CB9A5A1A29AFD895007D6495 /* AppProperties.swift in Sources */ = {isa = PBXBuildFile; fileRef = CB9A5A1129AFD895007D6495 /* AppProperties.swift */; };
		CBCBA51729AFB8DE0049B245 /* AppDelegate.swift in Sources */ = {isa = PBXBuildFile; fileRef = CBCBA51629AFB8DE0049B245 /* AppDelegate.swift */; };
		CBCBA51929AFB8DE0049B245 /* SceneDelegate.swift in Sources */ = {isa = PBXBuildFile; fileRef = CBCBA51829AFB8DE0049B245 /* SceneDelegate.swift */; };
		CBCBA51B29AFB8DE0049B245 /* ViewController.swift in Sources */ = {isa = PBXBuildFile; fileRef = CBCBA51A29AFB8DE0049B245 /* ViewController.swift */; };
		CBCBA51E29AFB8DE0049B245 /* Main.storyboard in Resources */ = {isa = PBXBuildFile; fileRef = CBCBA51C29AFB8DE0049B245 /* Main.storyboard */; };
		CBCBA52029AFB8E30049B245 /* Assets.xcassets in Resources */ = {isa = PBXBuildFile; fileRef = CBCBA51F29AFB8E30049B245 /* Assets.xcassets */; };
		CBCBA52329AFB8E30049B245 /* LaunchScreen.storyboard in Resources */ = {isa = PBXBuildFile; fileRef = CBCBA52129AFB8E30049B245 /* LaunchScreen.storyboard */; };
		CBCBA52E29AFB8E30049B245 /* WindAssignmentTests.swift in Sources */ = {isa = PBXBuildFile; fileRef = CBCBA52D29AFB8E30049B245 /* WindAssignmentTests.swift */; };
		CBCBA53829AFB8E30049B245 /* WindAssignmentUITests.swift in Sources */ = {isa = PBXBuildFile; fileRef = CBCBA53729AFB8E30049B245 /* WindAssignmentUITests.swift */; };
		CBCBA53A29AFB8E30049B245 /* WindAssignmentUITestsLaunchTests.swift in Sources */ = {isa = PBXBuildFile; fileRef = CBCBA53929AFB8E30049B245 /* WindAssignmentUITestsLaunchTests.swift */; };
/* End PBXBuildFile section */

/* Begin PBXContainerItemProxy section */
		CBCBA52A29AFB8E30049B245 /* PBXContainerItemProxy */ = {
			isa = PBXContainerItemProxy;
			containerPortal = CBCBA50B29AFB8DE0049B245 /* Project object */;
			proxyType = 1;
			remoteGlobalIDString = CBCBA51229AFB8DE0049B245;
			remoteInfo = WindAssignment;
		};
		CBCBA53429AFB8E30049B245 /* PBXContainerItemProxy */ = {
			isa = PBXContainerItemProxy;
			containerPortal = CBCBA50B29AFB8DE0049B245 /* Project object */;
			proxyType = 1;
			remoteGlobalIDString = CBCBA51229AFB8DE0049B245;
			remoteInfo = WindAssignment;
		};
/* End PBXContainerItemProxy section */

/* Begin PBXFileReference section */
		5E4C8814058FA44410E9365C /* Pods_WindAssignment_WindAssignmentUITests.framework */ = {isa = PBXFileReference; explicitFileType = wrapper.framework; includeInIndex = 0; path = Pods_WindAssignment_WindAssignmentUITests.framework; sourceTree = BUILT_PRODUCTS_DIR; };
		6CF483E496E488C0DC1AACD1 /* Pods-WindAssignment.debug.xcconfig */ = {isa = PBXFileReference; includeInIndex = 1; lastKnownFileType = text.xcconfig; name = "Pods-WindAssignment.debug.xcconfig"; path = "Target Support Files/Pods-WindAssignment/Pods-WindAssignment.debug.xcconfig"; sourceTree = "<group>"; };
		6F6EF6077C3D3A1EAFA55C6A /* Pods-WindAssignment-WindAssignmentUITests.release.xcconfig */ = {isa = PBXFileReference; includeInIndex = 1; lastKnownFileType = text.xcconfig; name = "Pods-WindAssignment-WindAssignmentUITests.release.xcconfig"; path = "Target Support Files/Pods-WindAssignment-WindAssignmentUITests/Pods-WindAssignment-WindAssignmentUITests.release.xcconfig"; sourceTree = "<group>"; };
		7F402E4C5AD2857C5E84E34C /* Pods_WindAssignment.framework */ = {isa = PBXFileReference; explicitFileType = wrapper.framework; includeInIndex = 0; path = Pods_WindAssignment.framework; sourceTree = BUILT_PRODUCTS_DIR; };
		867A891B6BF3E62461A892B4 /* Pods-WindAssignment-WindAssignmentUITests.debug.xcconfig */ = {isa = PBXFileReference; includeInIndex = 1; lastKnownFileType = text.xcconfig; name = "Pods-WindAssignment-WindAssignmentUITests.debug.xcconfig"; path = "Target Support Files/Pods-WindAssignment-WindAssignmentUITests/Pods-WindAssignment-WindAssignmentUITests.debug.xcconfig"; sourceTree = "<group>"; };
		9BF56E0465CF8724AB3494C6 /* Pods-WindAssignment.release.xcconfig */ = {isa = PBXFileReference; includeInIndex = 1; lastKnownFileType = text.xcconfig; name = "Pods-WindAssignment.release.xcconfig"; path = "Target Support Files/Pods-WindAssignment/Pods-WindAssignment.release.xcconfig"; sourceTree = "<group>"; };
		CB9A59F129AFC7E3007D6495 /* CircularStd-Bold.otf */ = {isa = PBXFileReference; lastKnownFileType = file; path = "CircularStd-Bold.otf"; sourceTree = "<group>"; };
		CB9A59F229AFC7E3007D6495 /* CircularStd-Light.otf */ = {isa = PBXFileReference; lastKnownFileType = file; path = "CircularStd-Light.otf"; sourceTree = "<group>"; };
		CB9A59F329AFC7E4007D6495 /* CircularStd-Medium.otf */ = {isa = PBXFileReference; lastKnownFileType = file; path = "CircularStd-Medium.otf"; sourceTree = "<group>"; };
		CB9A59F729AFC89D007D6495 /* CircularStd-Book.otf */ = {isa = PBXFileReference; lastKnownFileType = file; path = "CircularStd-Book.otf"; sourceTree = "<group>"; };
		CB9A59FC29AFCFBC007D6495 /* NavigationBar.swift */ = {isa = PBXFileReference; fileEncoding = 4; lastKnownFileType = sourcecode.swift; path = NavigationBar.swift; sourceTree = "<group>"; };
		CB9A59FD29AFCFBC007D6495 /* NavigationBar.xib */ = {isa = PBXFileReference; fileEncoding = 4; lastKnownFileType = file.xib; path = NavigationBar.xib; sourceTree = "<group>"; };
		CB9A59FF29AFCFBC007D6495 /* NavigationBarWithButton.swift */ = {isa = PBXFileReference; fileEncoding = 4; lastKnownFileType = sourcecode.swift; path = NavigationBarWithButton.swift; sourceTree = "<group>"; };
		CB9A5A0029AFCFBC007D6495 /* NavigationBarWithButton.xib */ = {isa = PBXFileReference; fileEncoding = 4; lastKnownFileType = file.xib; path = NavigationBarWithButton.xib; sourceTree = "<group>"; };
		CB9A5A0729AFD7F8007D6495 /* BaseViewController.swift */ = {isa = PBXFileReference; lastKnownFileType = sourcecode.swift; path = BaseViewController.swift; sourceTree = "<group>"; };
		CB9A5A0929AFD894007D6495 /* Reachability.swift */ = {isa = PBXFileReference; fileEncoding = 4; lastKnownFileType = sourcecode.swift; path = Reachability.swift; sourceTree = "<group>"; };
		CB9A5A0A29AFD894007D6495 /* UDService.swift */ = {isa = PBXFileReference; fileEncoding = 4; lastKnownFileType = sourcecode.swift; path = UDService.swift; sourceTree = "<group>"; };
		CB9A5A0B29AFD894007D6495 /* Colors.swift */ = {isa = PBXFileReference; fileEncoding = 4; lastKnownFileType = sourcecode.swift; path = Colors.swift; sourceTree = "<group>"; };
		CB9A5A0C29AFD894007D6495 /* Images.swift */ = {isa = PBXFileReference; fileEncoding = 4; lastKnownFileType = sourcecode.swift; path = Images.swift; sourceTree = "<group>"; };
		CB9A5A0D29AFD895007D6495 /* Logger.swift */ = {isa = PBXFileReference; fileEncoding = 4; lastKnownFileType = sourcecode.swift; path = Logger.swift; sourceTree = "<group>"; };
		CB9A5A0E29AFD895007D6495 /* Fonts.swift */ = {isa = PBXFileReference; fileEncoding = 4; lastKnownFileType = sourcecode.swift; path = Fonts.swift; sourceTree = "<group>"; };
		CB9A5A0F29AFD895007D6495 /* Constants.swift */ = {isa = PBXFileReference; fileEncoding = 4; lastKnownFileType = sourcecode.swift; path = Constants.swift; sourceTree = "<group>"; };
		CB9A5A1029AFD895007D6495 /* Loader.swift */ = {isa = PBXFileReference; fileEncoding = 4; lastKnownFileType = sourcecode.swift; path = Loader.swift; sourceTree = "<group>"; };
		CB9A5A1129AFD895007D6495 /* AppProperties.swift */ = {isa = PBXFileReference; fileEncoding = 4; lastKnownFileType = sourcecode.swift; path = AppProperties.swift; sourceTree = "<group>"; };
		CBCBA51329AFB8DE0049B245 /* WindAssignment.app */ = {isa = PBXFileReference; explicitFileType = wrapper.application; includeInIndex = 0; path = WindAssignment.app; sourceTree = BUILT_PRODUCTS_DIR; };
		CBCBA51629AFB8DE0049B245 /* AppDelegate.swift */ = {isa = PBXFileReference; lastKnownFileType = sourcecode.swift; path = AppDelegate.swift; sourceTree = "<group>"; };
		CBCBA51829AFB8DE0049B245 /* SceneDelegate.swift */ = {isa = PBXFileReference; lastKnownFileType = sourcecode.swift; path = SceneDelegate.swift; sourceTree = "<group>"; };
		CBCBA51A29AFB8DE0049B245 /* ViewController.swift */ = {isa = PBXFileReference; lastKnownFileType = sourcecode.swift; path = ViewController.swift; sourceTree = "<group>"; };
		CBCBA51D29AFB8DE0049B245 /* Base */ = {isa = PBXFileReference; lastKnownFileType = file.storyboard; name = Base; path = Base.lproj/Main.storyboard; sourceTree = "<group>"; };
		CBCBA51F29AFB8E30049B245 /* Assets.xcassets */ = {isa = PBXFileReference; lastKnownFileType = folder.assetcatalog; path = Assets.xcassets; sourceTree = "<group>"; };
		CBCBA52229AFB8E30049B245 /* Base */ = {isa = PBXFileReference; lastKnownFileType = file.storyboard; name = Base; path = Base.lproj/LaunchScreen.storyboard; sourceTree = "<group>"; };
		CBCBA52429AFB8E30049B245 /* Info.plist */ = {isa = PBXFileReference; lastKnownFileType = text.plist.xml; path = Info.plist; sourceTree = "<group>"; };
		CBCBA52929AFB8E30049B245 /* WindAssignmentTests.xctest */ = {isa = PBXFileReference; explicitFileType = wrapper.cfbundle; includeInIndex = 0; path = WindAssignmentTests.xctest; sourceTree = BUILT_PRODUCTS_DIR; };
		CBCBA52D29AFB8E30049B245 /* WindAssignmentTests.swift */ = {isa = PBXFileReference; lastKnownFileType = sourcecode.swift; path = WindAssignmentTests.swift; sourceTree = "<group>"; };
		CBCBA53329AFB8E30049B245 /* WindAssignmentUITests.xctest */ = {isa = PBXFileReference; explicitFileType = wrapper.cfbundle; includeInIndex = 0; path = WindAssignmentUITests.xctest; sourceTree = BUILT_PRODUCTS_DIR; };
		CBCBA53729AFB8E30049B245 /* WindAssignmentUITests.swift */ = {isa = PBXFileReference; lastKnownFileType = sourcecode.swift; path = WindAssignmentUITests.swift; sourceTree = "<group>"; };
		CBCBA53929AFB8E30049B245 /* WindAssignmentUITestsLaunchTests.swift */ = {isa = PBXFileReference; lastKnownFileType = sourcecode.swift; path = WindAssignmentUITestsLaunchTests.swift; sourceTree = "<group>"; };
		E94234D764AE7BEAF6F35657 /* Pods_WindAssignmentTests.framework */ = {isa = PBXFileReference; explicitFileType = wrapper.framework; includeInIndex = 0; path = Pods_WindAssignmentTests.framework; sourceTree = BUILT_PRODUCTS_DIR; };
		ED4728638D98F45C5B9CD5B1 /* Pods-WindAssignmentTests.release.xcconfig */ = {isa = PBXFileReference; includeInIndex = 1; lastKnownFileType = text.xcconfig; name = "Pods-WindAssignmentTests.release.xcconfig"; path = "Target Support Files/Pods-WindAssignmentTests/Pods-WindAssignmentTests.release.xcconfig"; sourceTree = "<group>"; };
		FAC11567F8DEEE59C06681C0 /* Pods-WindAssignmentTests.debug.xcconfig */ = {isa = PBXFileReference; includeInIndex = 1; lastKnownFileType = text.xcconfig; name = "Pods-WindAssignmentTests.debug.xcconfig"; path = "Target Support Files/Pods-WindAssignmentTests/Pods-WindAssignmentTests.debug.xcconfig"; sourceTree = "<group>"; };
/* End PBXFileReference section */

/* Begin PBXFrameworksBuildPhase section */
		CBCBA51029AFB8DE0049B245 /* Frameworks */ = {
			isa = PBXFrameworksBuildPhase;
			buildActionMask = 2147483647;
			files = (
				6D816988A65E300D2897E065 /* Pods_WindAssignment.framework in Frameworks */,
			);
			runOnlyForDeploymentPostprocessing = 0;
		};
		CBCBA52629AFB8E30049B245 /* Frameworks */ = {
			isa = PBXFrameworksBuildPhase;
			buildActionMask = 2147483647;
			files = (
				1E415E52D417FA4052DE3F63 /* Pods_WindAssignmentTests.framework in Frameworks */,
			);
			runOnlyForDeploymentPostprocessing = 0;
		};
		CBCBA53029AFB8E30049B245 /* Frameworks */ = {
			isa = PBXFrameworksBuildPhase;
			buildActionMask = 2147483647;
			files = (
				9F788A44C38DA153755F8693 /* Pods_WindAssignment_WindAssignmentUITests.framework in Frameworks */,
			);
			runOnlyForDeploymentPostprocessing = 0;
		};
/* End PBXFrameworksBuildPhase section */

/* Begin PBXGroup section */
		07F0D11DD18846F6E1E39E44 /* Pods */ = {
			isa = PBXGroup;
			children = (
				6CF483E496E488C0DC1AACD1 /* Pods-WindAssignment.debug.xcconfig */,
				9BF56E0465CF8724AB3494C6 /* Pods-WindAssignment.release.xcconfig */,
				867A891B6BF3E62461A892B4 /* Pods-WindAssignment-WindAssignmentUITests.debug.xcconfig */,
				6F6EF6077C3D3A1EAFA55C6A /* Pods-WindAssignment-WindAssignmentUITests.release.xcconfig */,
				FAC11567F8DEEE59C06681C0 /* Pods-WindAssignmentTests.debug.xcconfig */,
				ED4728638D98F45C5B9CD5B1 /* Pods-WindAssignmentTests.release.xcconfig */,
			);
			path = Pods;
			sourceTree = "<group>";
		};
		8F4BAD57FD35A861C1B4B7D9 /* Frameworks */ = {
			isa = PBXGroup;
			children = (
				7F402E4C5AD2857C5E84E34C /* Pods_WindAssignment.framework */,
				5E4C8814058FA44410E9365C /* Pods_WindAssignment_WindAssignmentUITests.framework */,
				E94234D764AE7BEAF6F35657 /* Pods_WindAssignmentTests.framework */,
			);
			name = Frameworks;
			sourceTree = "<group>";
		};
		CB9A59F029AFC7A8007D6495 /* Fonts */ = {
			isa = PBXGroup;
			children = (
				CB9A59F729AFC89D007D6495 /* CircularStd-Book.otf */,
				CB9A59F129AFC7E3007D6495 /* CircularStd-Bold.otf */,
				CB9A59F229AFC7E3007D6495 /* CircularStd-Light.otf */,
				CB9A59F329AFC7E4007D6495 /* CircularStd-Medium.otf */,
			);
			path = Fonts;
			sourceTree = "<group>";
		};
		CB9A59F929AFCF34007D6495 /* Utils */ = {
			isa = PBXGroup;
			children = (
				CB9A59F029AFC7A8007D6495 /* Fonts */,
				CB9A59FA29AFCF4B007D6495 /* NavigationBars */,
				CB9A5A1129AFD895007D6495 /* AppProperties.swift */,
				CB9A5A0B29AFD894007D6495 /* Colors.swift */,
				CB9A5A0F29AFD895007D6495 /* Constants.swift */,
				CB9A5A0E29AFD895007D6495 /* Fonts.swift */,
				CB9A5A0C29AFD894007D6495 /* Images.swift */,
				CB9A5A1029AFD895007D6495 /* Loader.swift */,
				CB9A5A0D29AFD895007D6495 /* Logger.swift */,
				CB9A5A0929AFD894007D6495 /* Reachability.swift */,
				CB9A5A0A29AFD894007D6495 /* UDService.swift */,
			);
			path = Utils;
			sourceTree = "<group>";
		};
		CB9A59FA29AFCF4B007D6495 /* NavigationBars */ = {
			isa = PBXGroup;
			children = (
				CB9A59FB29AFCFBC007D6495 /* NavigationBar */,
				CB9A59FE29AFCFBC007D6495 /* NavigationBarWithButton */,
			);
			path = NavigationBars;
			sourceTree = "<group>";
		};
		CB9A59FB29AFCFBC007D6495 /* NavigationBar */ = {
			isa = PBXGroup;
			children = (
				CB9A59FC29AFCFBC007D6495 /* NavigationBar.swift */,
				CB9A59FD29AFCFBC007D6495 /* NavigationBar.xib */,
			);
			path = NavigationBar;
			sourceTree = "<group>";
		};
		CB9A59FE29AFCFBC007D6495 /* NavigationBarWithButton */ = {
			isa = PBXGroup;
			children = (
				CB9A59FF29AFCFBC007D6495 /* NavigationBarWithButton.swift */,
				CB9A5A0029AFCFBC007D6495 /* NavigationBarWithButton.xib */,
			);
			path = NavigationBarWithButton;
			sourceTree = "<group>";
		};
		CB9A5A0529AFD7D7007D6495 /* Base */ = {
			isa = PBXGroup;
			children = (
				CB9A5A0729AFD7F8007D6495 /* BaseViewController.swift */,
				CB9A5A0629AFD7E3007D6495 /* Extensions */,
				CB9A59F929AFCF34007D6495 /* Utils */,
			);
			path = Base;
			sourceTree = "<group>";
		};
		CB9A5A0629AFD7E3007D6495 /* Extensions */ = {
			isa = PBXGroup;
			children = (
			);
			path = Extensions;
			sourceTree = "<group>";
		};
		CB9A5A1B29AFDEF0007D6495 /* Storyboards */ = {
			isa = PBXGroup;
			children = (
				CBCBA51C29AFB8DE0049B245 /* Main.storyboard */,
				CBCBA52129AFB8E30049B245 /* LaunchScreen.storyboard */,
			);
			path = Storyboards;
			sourceTree = "<group>";
		};
		CB9A5A1C29AFDF0B007D6495 /* API */ = {
			isa = PBXGroup;
			children = (
			);
			path = API;
			sourceTree = "<group>";
		};
		CB9A5A1D29AFDF1C007D6495 /* Features */ = {
			isa = PBXGroup;
			children = (
			);
			path = Features;
			sourceTree = "<group>";
		};
		CBCBA50A29AFB8DE0049B245 = {
			isa = PBXGroup;
			children = (
				CBCBA51529AFB8DE0049B245 /* WindAssignment */,
				CBCBA52C29AFB8E30049B245 /* WindAssignmentTests */,
				CBCBA53629AFB8E30049B245 /* WindAssignmentUITests */,
				CBCBA51429AFB8DE0049B245 /* Products */,
				07F0D11DD18846F6E1E39E44 /* Pods */,
				8F4BAD57FD35A861C1B4B7D9 /* Frameworks */,
			);
			sourceTree = "<group>";
		};
		CBCBA51429AFB8DE0049B245 /* Products */ = {
			isa = PBXGroup;
			children = (
				CBCBA51329AFB8DE0049B245 /* WindAssignment.app */,
				CBCBA52929AFB8E30049B245 /* WindAssignmentTests.xctest */,
				CBCBA53329AFB8E30049B245 /* WindAssignmentUITests.xctest */,
			);
			name = Products;
			sourceTree = "<group>";
		};
		CBCBA51529AFB8DE0049B245 /* WindAssignment */ = {
			isa = PBXGroup;
			children = (
				CBCBA51629AFB8DE0049B245 /* AppDelegate.swift */,
				CBCBA51829AFB8DE0049B245 /* SceneDelegate.swift */,
				CB9A5A1C29AFDF0B007D6495 /* API */,
				CB9A5A0529AFD7D7007D6495 /* Base */,
				CB9A5A1D29AFDF1C007D6495 /* Features */,
				CB9A5A1B29AFDEF0007D6495 /* Storyboards */,
				CBCBA51A29AFB8DE0049B245 /* ViewController.swift */,
				CBCBA51F29AFB8E30049B245 /* Assets.xcassets */,
				CBCBA52429AFB8E30049B245 /* Info.plist */,
			);
			path = WindAssignment;
			sourceTree = "<group>";
		};
		CBCBA52C29AFB8E30049B245 /* WindAssignmentTests */ = {
			isa = PBXGroup;
			children = (
				CBCBA52D29AFB8E30049B245 /* WindAssignmentTests.swift */,
			);
			path = WindAssignmentTests;
			sourceTree = "<group>";
		};
		CBCBA53629AFB8E30049B245 /* WindAssignmentUITests */ = {
			isa = PBXGroup;
			children = (
				CBCBA53729AFB8E30049B245 /* WindAssignmentUITests.swift */,
				CBCBA53929AFB8E30049B245 /* WindAssignmentUITestsLaunchTests.swift */,
			);
			path = WindAssignmentUITests;
			sourceTree = "<group>";
		};
/* End PBXGroup section */

/* Begin PBXNativeTarget section */
		CBCBA51229AFB8DE0049B245 /* WindAssignment */ = {
			isa = PBXNativeTarget;
			buildConfigurationList = CBCBA53D29AFB8E30049B245 /* Build configuration list for PBXNativeTarget "WindAssignment" */;
			buildPhases = (
				D960D988F989D4C66DD19508 /* [CP] Check Pods Manifest.lock */,
				CBCBA50F29AFB8DE0049B245 /* Sources */,
				CBCBA51029AFB8DE0049B245 /* Frameworks */,
				CBCBA51129AFB8DE0049B245 /* Resources */,
				41CEFE12325409FD0C5E456E /* [CP] Embed Pods Frameworks */,
			);
			buildRules = (
			);
			dependencies = (
			);
			name = WindAssignment;
			productName = WindAssignment;
			productReference = CBCBA51329AFB8DE0049B245 /* WindAssignment.app */;
			productType = "com.apple.product-type.application";
		};
		CBCBA52829AFB8E30049B245 /* WindAssignmentTests */ = {
			isa = PBXNativeTarget;
			buildConfigurationList = CBCBA54029AFB8E30049B245 /* Build configuration list for PBXNativeTarget "WindAssignmentTests" */;
			buildPhases = (
				75B14A2E3C9544058846027C /* [CP] Check Pods Manifest.lock */,
				CBCBA52529AFB8E30049B245 /* Sources */,
				CBCBA52629AFB8E30049B245 /* Frameworks */,
				CBCBA52729AFB8E30049B245 /* Resources */,
			);
			buildRules = (
			);
			dependencies = (
				CBCBA52B29AFB8E30049B245 /* PBXTargetDependency */,
			);
			name = WindAssignmentTests;
			productName = WindAssignmentTests;
			productReference = CBCBA52929AFB8E30049B245 /* WindAssignmentTests.xctest */;
			productType = "com.apple.product-type.bundle.unit-test";
		};
		CBCBA53229AFB8E30049B245 /* WindAssignmentUITests */ = {
			isa = PBXNativeTarget;
			buildConfigurationList = CBCBA54329AFB8E30049B245 /* Build configuration list for PBXNativeTarget "WindAssignmentUITests" */;
			buildPhases = (
				DC3EDB953925504DC5AA1A8D /* [CP] Check Pods Manifest.lock */,
				CBCBA52F29AFB8E30049B245 /* Sources */,
				CBCBA53029AFB8E30049B245 /* Frameworks */,
				CBCBA53129AFB8E30049B245 /* Resources */,
				BA4007A11EAA9548723CBFD9 /* [CP] Embed Pods Frameworks */,
			);
			buildRules = (
			);
			dependencies = (
				CBCBA53529AFB8E30049B245 /* PBXTargetDependency */,
			);
			name = WindAssignmentUITests;
			productName = WindAssignmentUITests;
			productReference = CBCBA53329AFB8E30049B245 /* WindAssignmentUITests.xctest */;
			productType = "com.apple.product-type.bundle.ui-testing";
		};
/* End PBXNativeTarget section */

/* Begin PBXProject section */
		CBCBA50B29AFB8DE0049B245 /* Project object */ = {
			isa = PBXProject;
			attributes = {
				BuildIndependentTargetsInParallel = 1;
				LastSwiftUpdateCheck = 1420;
				LastUpgradeCheck = 1420;
				TargetAttributes = {
					CBCBA51229AFB8DE0049B245 = {
						CreatedOnToolsVersion = 14.2;
					};
					CBCBA52829AFB8E30049B245 = {
						CreatedOnToolsVersion = 14.2;
						TestTargetID = CBCBA51229AFB8DE0049B245;
					};
					CBCBA53229AFB8E30049B245 = {
						CreatedOnToolsVersion = 14.2;
						TestTargetID = CBCBA51229AFB8DE0049B245;
					};
				};
			};
			buildConfigurationList = CBCBA50E29AFB8DE0049B245 /* Build configuration list for PBXProject "WindAssignment" */;
			compatibilityVersion = "Xcode 14.0";
			developmentRegion = en;
			hasScannedForEncodings = 0;
			knownRegions = (
				en,
				Base,
			);
			mainGroup = CBCBA50A29AFB8DE0049B245;
			productRefGroup = CBCBA51429AFB8DE0049B245 /* Products */;
			projectDirPath = "";
			projectRoot = "";
			targets = (
				CBCBA51229AFB8DE0049B245 /* WindAssignment */,
				CBCBA52829AFB8E30049B245 /* WindAssignmentTests */,
				CBCBA53229AFB8E30049B245 /* WindAssignmentUITests */,
			);
		};
/* End PBXProject section */

/* Begin PBXResourcesBuildPhase section */
		CBCBA51129AFB8DE0049B245 /* Resources */ = {
			isa = PBXResourcesBuildPhase;
			buildActionMask = 2147483647;
			files = (
				CBCBA52329AFB8E30049B245 /* LaunchScreen.storyboard in Resources */,
				CB9A59F429AFC7E4007D6495 /* CircularStd-Bold.otf in Resources */,
				CBCBA52029AFB8E30049B245 /* Assets.xcassets in Resources */,
				CB9A59F829AFC89D007D6495 /* CircularStd-Book.otf in Resources */,
				CB9A59F529AFC7E4007D6495 /* CircularStd-Light.otf in Resources */,
				CBCBA51E29AFB8DE0049B245 /* Main.storyboard in Resources */,
				CB9A59F629AFC7E4007D6495 /* CircularStd-Medium.otf in Resources */,
				CB9A5A0229AFCFBD007D6495 /* NavigationBar.xib in Resources */,
				CB9A5A0429AFCFBD007D6495 /* NavigationBarWithButton.xib in Resources */,
			);
			runOnlyForDeploymentPostprocessing = 0;
		};
		CBCBA52729AFB8E30049B245 /* Resources */ = {
			isa = PBXResourcesBuildPhase;
			buildActionMask = 2147483647;
			files = (
			);
			runOnlyForDeploymentPostprocessing = 0;
		};
		CBCBA53129AFB8E30049B245 /* Resources */ = {
			isa = PBXResourcesBuildPhase;
			buildActionMask = 2147483647;
			files = (
			);
			runOnlyForDeploymentPostprocessing = 0;
		};
/* End PBXResourcesBuildPhase section */

/* Begin PBXShellScriptBuildPhase section */
		41CEFE12325409FD0C5E456E /* [CP] Embed Pods Frameworks */ = {
			isa = PBXShellScriptBuildPhase;
			buildActionMask = 2147483647;
			files = (
			);
			inputFileListPaths = (
				"${PODS_ROOT}/Target Support Files/Pods-WindAssignment/Pods-WindAssignment-frameworks-${CONFIGURATION}-input-files.xcfilelist",
			);
			name = "[CP] Embed Pods Frameworks";
			outputFileListPaths = (
				"${PODS_ROOT}/Target Support Files/Pods-WindAssignment/Pods-WindAssignment-frameworks-${CONFIGURATION}-output-files.xcfilelist",
			);
			runOnlyForDeploymentPostprocessing = 0;
			shellPath = /bin/sh;
			shellScript = "\"${PODS_ROOT}/Target Support Files/Pods-WindAssignment/Pods-WindAssignment-frameworks.sh\"\n";
			showEnvVarsInLog = 0;
		};
		75B14A2E3C9544058846027C /* [CP] Check Pods Manifest.lock */ = {
			isa = PBXShellScriptBuildPhase;
			buildActionMask = 2147483647;
			files = (
			);
			inputFileListPaths = (
			);
			inputPaths = (
				"${PODS_PODFILE_DIR_PATH}/Podfile.lock",
				"${PODS_ROOT}/Manifest.lock",
			);
			name = "[CP] Check Pods Manifest.lock";
			outputFileListPaths = (
			);
			outputPaths = (
				"$(DERIVED_FILE_DIR)/Pods-WindAssignmentTests-checkManifestLockResult.txt",
			);
			runOnlyForDeploymentPostprocessing = 0;
			shellPath = /bin/sh;
			shellScript = "diff \"${PODS_PODFILE_DIR_PATH}/Podfile.lock\" \"${PODS_ROOT}/Manifest.lock\" > /dev/null\nif [ $? != 0 ] ; then\n    # print error to STDERR\n    echo \"error: The sandbox is not in sync with the Podfile.lock. Run 'pod install' or update your CocoaPods installation.\" >&2\n    exit 1\nfi\n# This output is used by Xcode 'outputs' to avoid re-running this script phase.\necho \"SUCCESS\" > \"${SCRIPT_OUTPUT_FILE_0}\"\n";
			showEnvVarsInLog = 0;
		};
		BA4007A11EAA9548723CBFD9 /* [CP] Embed Pods Frameworks */ = {
			isa = PBXShellScriptBuildPhase;
			buildActionMask = 2147483647;
			files = (
			);
			inputFileListPaths = (
				"${PODS_ROOT}/Target Support Files/Pods-WindAssignment-WindAssignmentUITests/Pods-WindAssignment-WindAssignmentUITests-frameworks-${CONFIGURATION}-input-files.xcfilelist",
			);
			name = "[CP] Embed Pods Frameworks";
			outputFileListPaths = (
				"${PODS_ROOT}/Target Support Files/Pods-WindAssignment-WindAssignmentUITests/Pods-WindAssignment-WindAssignmentUITests-frameworks-${CONFIGURATION}-output-files.xcfilelist",
			);
			runOnlyForDeploymentPostprocessing = 0;
			shellPath = /bin/sh;
			shellScript = "\"${PODS_ROOT}/Target Support Files/Pods-WindAssignment-WindAssignmentUITests/Pods-WindAssignment-WindAssignmentUITests-frameworks.sh\"\n";
			showEnvVarsInLog = 0;
		};
		D960D988F989D4C66DD19508 /* [CP] Check Pods Manifest.lock */ = {
			isa = PBXShellScriptBuildPhase;
			buildActionMask = 2147483647;
			files = (
			);
			inputFileListPaths = (
			);
			inputPaths = (
				"${PODS_PODFILE_DIR_PATH}/Podfile.lock",
				"${PODS_ROOT}/Manifest.lock",
			);
			name = "[CP] Check Pods Manifest.lock";
			outputFileListPaths = (
			);
			outputPaths = (
				"$(DERIVED_FILE_DIR)/Pods-WindAssignment-checkManifestLockResult.txt",
			);
			runOnlyForDeploymentPostprocessing = 0;
			shellPath = /bin/sh;
			shellScript = "diff \"${PODS_PODFILE_DIR_PATH}/Podfile.lock\" \"${PODS_ROOT}/Manifest.lock\" > /dev/null\nif [ $? != 0 ] ; then\n    # print error to STDERR\n    echo \"error: The sandbox is not in sync with the Podfile.lock. Run 'pod install' or update your CocoaPods installation.\" >&2\n    exit 1\nfi\n# This output is used by Xcode 'outputs' to avoid re-running this script phase.\necho \"SUCCESS\" > \"${SCRIPT_OUTPUT_FILE_0}\"\n";
			showEnvVarsInLog = 0;
		};
		DC3EDB953925504DC5AA1A8D /* [CP] Check Pods Manifest.lock */ = {
			isa = PBXShellScriptBuildPhase;
			buildActionMask = 2147483647;
			files = (
			);
			inputFileListPaths = (
			);
			inputPaths = (
				"${PODS_PODFILE_DIR_PATH}/Podfile.lock",
				"${PODS_ROOT}/Manifest.lock",
			);
			name = "[CP] Check Pods Manifest.lock";
			outputFileListPaths = (
			);
			outputPaths = (
				"$(DERIVED_FILE_DIR)/Pods-WindAssignment-WindAssignmentUITests-checkManifestLockResult.txt",
			);
			runOnlyForDeploymentPostprocessing = 0;
			shellPath = /bin/sh;
			shellScript = "diff \"${PODS_PODFILE_DIR_PATH}/Podfile.lock\" \"${PODS_ROOT}/Manifest.lock\" > /dev/null\nif [ $? != 0 ] ; then\n    # print error to STDERR\n    echo \"error: The sandbox is not in sync with the Podfile.lock. Run 'pod install' or update your CocoaPods installation.\" >&2\n    exit 1\nfi\n# This output is used by Xcode 'outputs' to avoid re-running this script phase.\necho \"SUCCESS\" > \"${SCRIPT_OUTPUT_FILE_0}\"\n";
			showEnvVarsInLog = 0;
		};
/* End PBXShellScriptBuildPhase section */

/* Begin PBXSourcesBuildPhase section */
		CBCBA50F29AFB8DE0049B245 /* Sources */ = {
			isa = PBXSourcesBuildPhase;
			buildActionMask = 2147483647;
			files = (
				CB9A5A1229AFD895007D6495 /* Reachability.swift in Sources */,
				CB9A5A1629AFD895007D6495 /* Logger.swift in Sources */,
				CB9A5A1429AFD895007D6495 /* Colors.swift in Sources */,
				CB9A5A1A29AFD895007D6495 /* AppProperties.swift in Sources */,
				CBCBA51B29AFB8DE0049B245 /* ViewController.swift in Sources */,
				CB9A5A1729AFD895007D6495 /* Fonts.swift in Sources */,
				CB9A5A0329AFCFBD007D6495 /* NavigationBarWithButton.swift in Sources */,
				CBCBA51729AFB8DE0049B245 /* AppDelegate.swift in Sources */,
				CB9A5A1829AFD895007D6495 /* Constants.swift in Sources */,
				CB9A5A1329AFD895007D6495 /* UDService.swift in Sources */,
				CBCBA51929AFB8DE0049B245 /* SceneDelegate.swift in Sources */,
				CB9A5A1529AFD895007D6495 /* Images.swift in Sources */,
				CB9A5A0129AFCFBD007D6495 /* NavigationBar.swift in Sources */,
				CB9A5A1929AFD895007D6495 /* Loader.swift in Sources */,
				CB9A5A0829AFD7F8007D6495 /* BaseViewController.swift in Sources */,
			);
			runOnlyForDeploymentPostprocessing = 0;
		};
		CBCBA52529AFB8E30049B245 /* Sources */ = {
			isa = PBXSourcesBuildPhase;
			buildActionMask = 2147483647;
			files = (
				CBCBA52E29AFB8E30049B245 /* WindAssignmentTests.swift in Sources */,
			);
			runOnlyForDeploymentPostprocessing = 0;
		};
		CBCBA52F29AFB8E30049B245 /* Sources */ = {
			isa = PBXSourcesBuildPhase;
			buildActionMask = 2147483647;
			files = (
				CBCBA53829AFB8E30049B245 /* WindAssignmentUITests.swift in Sources */,
				CBCBA53A29AFB8E30049B245 /* WindAssignmentUITestsLaunchTests.swift in Sources */,
			);
			runOnlyForDeploymentPostprocessing = 0;
		};
/* End PBXSourcesBuildPhase section */

/* Begin PBXTargetDependency section */
		CBCBA52B29AFB8E30049B245 /* PBXTargetDependency */ = {
			isa = PBXTargetDependency;
			target = CBCBA51229AFB8DE0049B245 /* WindAssignment */;
			targetProxy = CBCBA52A29AFB8E30049B245 /* PBXContainerItemProxy */;
		};
		CBCBA53529AFB8E30049B245 /* PBXTargetDependency */ = {
			isa = PBXTargetDependency;
			target = CBCBA51229AFB8DE0049B245 /* WindAssignment */;
			targetProxy = CBCBA53429AFB8E30049B245 /* PBXContainerItemProxy */;
		};
/* End PBXTargetDependency section */

/* Begin PBXVariantGroup section */
		CBCBA51C29AFB8DE0049B245 /* Main.storyboard */ = {
			isa = PBXVariantGroup;
			children = (
				CBCBA51D29AFB8DE0049B245 /* Base */,
			);
			name = Main.storyboard;
			sourceTree = "<group>";
		};
		CBCBA52129AFB8E30049B245 /* LaunchScreen.storyboard */ = {
			isa = PBXVariantGroup;
			children = (
				CBCBA52229AFB8E30049B245 /* Base */,
			);
			name = LaunchScreen.storyboard;
			sourceTree = "<group>";
		};
/* End PBXVariantGroup section */

/* Begin XCBuildConfiguration section */
		CBCBA53B29AFB8E30049B245 /* Debug */ = {
			isa = XCBuildConfiguration;
			buildSettings = {
				ALWAYS_SEARCH_USER_PATHS = NO;
				CLANG_ANALYZER_NONNULL = YES;
				CLANG_ANALYZER_NUMBER_OBJECT_CONVERSION = YES_AGGRESSIVE;
				CLANG_CXX_LANGUAGE_STANDARD = "gnu++20";
				CLANG_ENABLE_MODULES = YES;
				CLANG_ENABLE_OBJC_ARC = YES;
				CLANG_ENABLE_OBJC_WEAK = YES;
				CLANG_WARN_BLOCK_CAPTURE_AUTORELEASING = YES;
				CLANG_WARN_BOOL_CONVERSION = YES;
				CLANG_WARN_COMMA = YES;
				CLANG_WARN_CONSTANT_CONVERSION = YES;
				CLANG_WARN_DEPRECATED_OBJC_IMPLEMENTATIONS = YES;
				CLANG_WARN_DIRECT_OBJC_ISA_USAGE = YES_ERROR;
				CLANG_WARN_DOCUMENTATION_COMMENTS = YES;
				CLANG_WARN_EMPTY_BODY = YES;
				CLANG_WARN_ENUM_CONVERSION = YES;
				CLANG_WARN_INFINITE_RECURSION = YES;
				CLANG_WARN_INT_CONVERSION = YES;
				CLANG_WARN_NON_LITERAL_NULL_CONVERSION = YES;
				CLANG_WARN_OBJC_IMPLICIT_RETAIN_SELF = YES;
				CLANG_WARN_OBJC_LITERAL_CONVERSION = YES;
				CLANG_WARN_OBJC_ROOT_CLASS = YES_ERROR;
				CLANG_WARN_QUOTED_INCLUDE_IN_FRAMEWORK_HEADER = YES;
				CLANG_WARN_RANGE_LOOP_ANALYSIS = YES;
				CLANG_WARN_STRICT_PROTOTYPES = YES;
				CLANG_WARN_SUSPICIOUS_MOVE = YES;
				CLANG_WARN_UNGUARDED_AVAILABILITY = YES_AGGRESSIVE;
				CLANG_WARN_UNREACHABLE_CODE = YES;
				CLANG_WARN__DUPLICATE_METHOD_MATCH = YES;
				COPY_PHASE_STRIP = NO;
				DEBUG_INFORMATION_FORMAT = dwarf;
				ENABLE_STRICT_OBJC_MSGSEND = YES;
				ENABLE_TESTABILITY = YES;
				GCC_C_LANGUAGE_STANDARD = gnu11;
				GCC_DYNAMIC_NO_PIC = NO;
				GCC_NO_COMMON_BLOCKS = YES;
				GCC_OPTIMIZATION_LEVEL = 0;
				GCC_PREPROCESSOR_DEFINITIONS = (
					"DEBUG=1",
					"$(inherited)",
				);
				GCC_WARN_64_TO_32_BIT_CONVERSION = YES;
				GCC_WARN_ABOUT_RETURN_TYPE = YES_ERROR;
				GCC_WARN_UNDECLARED_SELECTOR = YES;
				GCC_WARN_UNINITIALIZED_AUTOS = YES_AGGRESSIVE;
				GCC_WARN_UNUSED_FUNCTION = YES;
				GCC_WARN_UNUSED_VARIABLE = YES;
				IPHONEOS_DEPLOYMENT_TARGET = 16.2;
				MTL_ENABLE_DEBUG_INFO = INCLUDE_SOURCE;
				MTL_FAST_MATH = YES;
				ONLY_ACTIVE_ARCH = YES;
				SDKROOT = iphoneos;
				SWIFT_ACTIVE_COMPILATION_CONDITIONS = DEBUG;
				SWIFT_OPTIMIZATION_LEVEL = "-Onone";
			};
			name = Debug;
		};
		CBCBA53C29AFB8E30049B245 /* Release */ = {
			isa = XCBuildConfiguration;
			buildSettings = {
				ALWAYS_SEARCH_USER_PATHS = NO;
				CLANG_ANALYZER_NONNULL = YES;
				CLANG_ANALYZER_NUMBER_OBJECT_CONVERSION = YES_AGGRESSIVE;
				CLANG_CXX_LANGUAGE_STANDARD = "gnu++20";
				CLANG_ENABLE_MODULES = YES;
				CLANG_ENABLE_OBJC_ARC = YES;
				CLANG_ENABLE_OBJC_WEAK = YES;
				CLANG_WARN_BLOCK_CAPTURE_AUTORELEASING = YES;
				CLANG_WARN_BOOL_CONVERSION = YES;
				CLANG_WARN_COMMA = YES;
				CLANG_WARN_CONSTANT_CONVERSION = YES;
				CLANG_WARN_DEPRECATED_OBJC_IMPLEMENTATIONS = YES;
				CLANG_WARN_DIRECT_OBJC_ISA_USAGE = YES_ERROR;
				CLANG_WARN_DOCUMENTATION_COMMENTS = YES;
				CLANG_WARN_EMPTY_BODY = YES;
				CLANG_WARN_ENUM_CONVERSION = YES;
				CLANG_WARN_INFINITE_RECURSION = YES;
				CLANG_WARN_INT_CONVERSION = YES;
				CLANG_WARN_NON_LITERAL_NULL_CONVERSION = YES;
				CLANG_WARN_OBJC_IMPLICIT_RETAIN_SELF = YES;
				CLANG_WARN_OBJC_LITERAL_CONVERSION = YES;
				CLANG_WARN_OBJC_ROOT_CLASS = YES_ERROR;
				CLANG_WARN_QUOTED_INCLUDE_IN_FRAMEWORK_HEADER = YES;
				CLANG_WARN_RANGE_LOOP_ANALYSIS = YES;
				CLANG_WARN_STRICT_PROTOTYPES = YES;
				CLANG_WARN_SUSPICIOUS_MOVE = YES;
				CLANG_WARN_UNGUARDED_AVAILABILITY = YES_AGGRESSIVE;
				CLANG_WARN_UNREACHABLE_CODE = YES;
				CLANG_WARN__DUPLICATE_METHOD_MATCH = YES;
				COPY_PHASE_STRIP = NO;
				DEBUG_INFORMATION_FORMAT = "dwarf-with-dsym";
				ENABLE_NS_ASSERTIONS = NO;
				ENABLE_STRICT_OBJC_MSGSEND = YES;
				GCC_C_LANGUAGE_STANDARD = gnu11;
				GCC_NO_COMMON_BLOCKS = YES;
				GCC_WARN_64_TO_32_BIT_CONVERSION = YES;
				GCC_WARN_ABOUT_RETURN_TYPE = YES_ERROR;
				GCC_WARN_UNDECLARED_SELECTOR = YES;
				GCC_WARN_UNINITIALIZED_AUTOS = YES_AGGRESSIVE;
				GCC_WARN_UNUSED_FUNCTION = YES;
				GCC_WARN_UNUSED_VARIABLE = YES;
				IPHONEOS_DEPLOYMENT_TARGET = 16.2;
				MTL_ENABLE_DEBUG_INFO = NO;
				MTL_FAST_MATH = YES;
				SDKROOT = iphoneos;
				SWIFT_COMPILATION_MODE = wholemodule;
				SWIFT_OPTIMIZATION_LEVEL = "-O";
				VALIDATE_PRODUCT = YES;
			};
			name = Release;
		};
		CBCBA53E29AFB8E30049B245 /* Debug */ = {
			isa = XCBuildConfiguration;
			baseConfigurationReference = 6CF483E496E488C0DC1AACD1 /* Pods-WindAssignment.debug.xcconfig */;
			buildSettings = {
				ASSETCATALOG_COMPILER_APPICON_NAME = AppIcon;
				ASSETCATALOG_COMPILER_GLOBAL_ACCENT_COLOR_NAME = AccentColor;
				CODE_SIGN_STYLE = Automatic;
				CURRENT_PROJECT_VERSION = 1;
				DEVELOPMENT_TEAM = 446HQB2H3T;
				GENERATE_INFOPLIST_FILE = YES;
				INFOPLIST_FILE = WindAssignment/Info.plist;
				INFOPLIST_KEY_UIApplicationSupportsIndirectInputEvents = YES;
				INFOPLIST_KEY_UILaunchStoryboardName = LaunchScreen;
				INFOPLIST_KEY_UIMainStoryboardFile = Main;
				INFOPLIST_KEY_UISupportedInterfaceOrientations_iPad = "UIInterfaceOrientationPortrait UIInterfaceOrientationPortraitUpsideDown UIInterfaceOrientationLandscapeLeft UIInterfaceOrientationLandscapeRight";
				INFOPLIST_KEY_UISupportedInterfaceOrientations_iPhone = "UIInterfaceOrientationPortrait UIInterfaceOrientationLandscapeLeft UIInterfaceOrientationLandscapeRight";
				IPHONEOS_DEPLOYMENT_TARGET = 13.0;
				LD_RUNPATH_SEARCH_PATHS = (
					"$(inherited)",
					"@executable_path/Frameworks",
				);
				MARKETING_VERSION = 1.0;
				PRODUCT_BUNDLE_IDENTIFIER = com.btracsl.WindAssignment;
				PRODUCT_NAME = "$(TARGET_NAME)";
				SWIFT_EMIT_LOC_STRINGS = YES;
				SWIFT_VERSION = 5.0;
				TARGETED_DEVICE_FAMILY = "1,2";
			};
			name = Debug;
		};
		CBCBA53F29AFB8E30049B245 /* Release */ = {
			isa = XCBuildConfiguration;
			baseConfigurationReference = 9BF56E0465CF8724AB3494C6 /* Pods-WindAssignment.release.xcconfig */;
			buildSettings = {
				ASSETCATALOG_COMPILER_APPICON_NAME = AppIcon;
				ASSETCATALOG_COMPILER_GLOBAL_ACCENT_COLOR_NAME = AccentColor;
				CODE_SIGN_STYLE = Automatic;
				CURRENT_PROJECT_VERSION = 1;
				DEVELOPMENT_TEAM = 446HQB2H3T;
				GENERATE_INFOPLIST_FILE = YES;
				INFOPLIST_FILE = WindAssignment/Info.plist;
				INFOPLIST_KEY_UIApplicationSupportsIndirectInputEvents = YES;
				INFOPLIST_KEY_UILaunchStoryboardName = LaunchScreen;
				INFOPLIST_KEY_UIMainStoryboardFile = Main;
				INFOPLIST_KEY_UISupportedInterfaceOrientations_iPad = "UIInterfaceOrientationPortrait UIInterfaceOrientationPortraitUpsideDown UIInterfaceOrientationLandscapeLeft UIInterfaceOrientationLandscapeRight";
				INFOPLIST_KEY_UISupportedInterfaceOrientations_iPhone = "UIInterfaceOrientationPortrait UIInterfaceOrientationLandscapeLeft UIInterfaceOrientationLandscapeRight";
				IPHONEOS_DEPLOYMENT_TARGET = 13.0;
				LD_RUNPATH_SEARCH_PATHS = (
					"$(inherited)",
					"@executable_path/Frameworks",
				);
				MARKETING_VERSION = 1.0;
				PRODUCT_BUNDLE_IDENTIFIER = com.btracsl.WindAssignment;
				PRODUCT_NAME = "$(TARGET_NAME)";
				SWIFT_EMIT_LOC_STRINGS = YES;
				SWIFT_VERSION = 5.0;
				TARGETED_DEVICE_FAMILY = "1,2";
			};
			name = Release;
		};
		CBCBA54129AFB8E30049B245 /* Debug */ = {
			isa = XCBuildConfiguration;
			baseConfigurationReference = FAC11567F8DEEE59C06681C0 /* Pods-WindAssignmentTests.debug.xcconfig */;
			buildSettings = {
				ALWAYS_EMBED_SWIFT_STANDARD_LIBRARIES = "$(inherited)";
				BUNDLE_LOADER = "$(TEST_HOST)";
				CODE_SIGN_STYLE = Automatic;
				CURRENT_PROJECT_VERSION = 1;
				DEVELOPMENT_TEAM = 446HQB2H3T;
				GENERATE_INFOPLIST_FILE = YES;
				IPHONEOS_DEPLOYMENT_TARGET = 16.2;
				MARKETING_VERSION = 1.0;
				PRODUCT_BUNDLE_IDENTIFIER = com.btracsl.WindAssignmentTests;
				PRODUCT_NAME = "$(TARGET_NAME)";
				SWIFT_EMIT_LOC_STRINGS = NO;
				SWIFT_VERSION = 5.0;
				TARGETED_DEVICE_FAMILY = "1,2";
				TEST_HOST = "$(BUILT_PRODUCTS_DIR)/WindAssignment.app/$(BUNDLE_EXECUTABLE_FOLDER_PATH)/WindAssignment";
			};
			name = Debug;
		};
		CBCBA54229AFB8E30049B245 /* Release */ = {
			isa = XCBuildConfiguration;
			baseConfigurationReference = ED4728638D98F45C5B9CD5B1 /* Pods-WindAssignmentTests.release.xcconfig */;
			buildSettings = {
				ALWAYS_EMBED_SWIFT_STANDARD_LIBRARIES = "$(inherited)";
				BUNDLE_LOADER = "$(TEST_HOST)";
				CODE_SIGN_STYLE = Automatic;
				CURRENT_PROJECT_VERSION = 1;
				DEVELOPMENT_TEAM = 446HQB2H3T;
				GENERATE_INFOPLIST_FILE = YES;
				IPHONEOS_DEPLOYMENT_TARGET = 16.2;
				MARKETING_VERSION = 1.0;
				PRODUCT_BUNDLE_IDENTIFIER = com.btracsl.WindAssignmentTests;
				PRODUCT_NAME = "$(TARGET_NAME)";
				SWIFT_EMIT_LOC_STRINGS = NO;
				SWIFT_VERSION = 5.0;
				TARGETED_DEVICE_FAMILY = "1,2";
				TEST_HOST = "$(BUILT_PRODUCTS_DIR)/WindAssignment.app/$(BUNDLE_EXECUTABLE_FOLDER_PATH)/WindAssignment";
			};
			name = Release;
		};
		CBCBA54429AFB8E30049B245 /* Debug */ = {
			isa = XCBuildConfiguration;
			baseConfigurationReference = 867A891B6BF3E62461A892B4 /* Pods-WindAssignment-WindAssignmentUITests.debug.xcconfig */;
			buildSettings = {
				ALWAYS_EMBED_SWIFT_STANDARD_LIBRARIES = "$(inherited)";
				CODE_SIGN_STYLE = Automatic;
				CURRENT_PROJECT_VERSION = 1;
				DEVELOPMENT_TEAM = 446HQB2H3T;
				GENERATE_INFOPLIST_FILE = YES;
				MARKETING_VERSION = 1.0;
				PRODUCT_BUNDLE_IDENTIFIER = com.btracsl.WindAssignmentUITests;
				PRODUCT_NAME = "$(TARGET_NAME)";
				SWIFT_EMIT_LOC_STRINGS = NO;
				SWIFT_VERSION = 5.0;
				TARGETED_DEVICE_FAMILY = "1,2";
				TEST_TARGET_NAME = WindAssignment;
			};
			name = Debug;
		};
		CBCBA54529AFB8E30049B245 /* Release */ = {
			isa = XCBuildConfiguration;
			baseConfigurationReference = 6F6EF6077C3D3A1EAFA55C6A /* Pods-WindAssignment-WindAssignmentUITests.release.xcconfig */;
			buildSettings = {
				ALWAYS_EMBED_SWIFT_STANDARD_LIBRARIES = "$(inherited)";
				CODE_SIGN_STYLE = Automatic;
				CURRENT_PROJECT_VERSION = 1;
				DEVELOPMENT_TEAM = 446HQB2H3T;
				GENERATE_INFOPLIST_FILE = YES;
				MARKETING_VERSION = 1.0;
				PRODUCT_BUNDLE_IDENTIFIER = com.btracsl.WindAssignmentUITests;
				PRODUCT_NAME = "$(TARGET_NAME)";
				SWIFT_EMIT_LOC_STRINGS = NO;
				SWIFT_VERSION = 5.0;
				TARGETED_DEVICE_FAMILY = "1,2";
				TEST_TARGET_NAME = WindAssignment;
			};
			name = Release;
		};
/* End XCBuildConfiguration section */

/* Begin XCConfigurationList section */
		CBCBA50E29AFB8DE0049B245 /* Build configuration list for PBXProject "WindAssignment" */ = {
			isa = XCConfigurationList;
			buildConfigurations = (
				CBCBA53B29AFB8E30049B245 /* Debug */,
				CBCBA53C29AFB8E30049B245 /* Release */,
			);
			defaultConfigurationIsVisible = 0;
			defaultConfigurationName = Release;
		};
		CBCBA53D29AFB8E30049B245 /* Build configuration list for PBXNativeTarget "WindAssignment" */ = {
			isa = XCConfigurationList;
			buildConfigurations = (
				CBCBA53E29AFB8E30049B245 /* Debug */,
				CBCBA53F29AFB8E30049B245 /* Release */,
			);
			defaultConfigurationIsVisible = 0;
			defaultConfigurationName = Release;
		};
		CBCBA54029AFB8E30049B245 /* Build configuration list for PBXNativeTarget "WindAssignmentTests" */ = {
			isa = XCConfigurationList;
			buildConfigurations = (
				CBCBA54129AFB8E30049B245 /* Debug */,
				CBCBA54229AFB8E30049B245 /* Release */,
			);
			defaultConfigurationIsVisible = 0;
			defaultConfigurationName = Release;
		};
		CBCBA54329AFB8E30049B245 /* Build configuration list for PBXNativeTarget "WindAssignmentUITests" */ = {
			isa = XCConfigurationList;
			buildConfigurations = (
				CBCBA54429AFB8E30049B245 /* Debug */,
				CBCBA54529AFB8E30049B245 /* Release */,
			);
			defaultConfigurationIsVisible = 0;
			defaultConfigurationName = Release;
		};
/* End XCConfigurationList section */
	};
	rootObject = CBCBA50B29AFB8DE0049B245 /* Project object */;
}
